{
    "hash": "e1a719224e216208752a5671565bbd2f",
    "packages": [
        {
            "package": "doctrine/common",
            "version": "2.2.3"
        },
        {
            "package": "monolog/monolog",
            "version": "1.2.1"
        },
        {
            "package": "rithis/composer-handler",
            "version": "v2.1.0"
        },
        {
            "package": "sensio/distribution-bundle",
            "version": "v2.1.0"
        },
        {
            "package": "symfony/monolog-bundle",
            "version": "v2.1.0"
        },
        {
            "package": "symfony/symfony",
            "version": "v2.1.0"
        },
        {
            "package": "twig/twig",
            "version": "v1.9.2"
        }
    ],
    "packages-dev": null,
    "aliases": [

    ],
    "minimum-stability": "stable",
    "stability-flags": [

    ]
}
